<?xml version="1.0" encoding="utf-8"?>
<Project ToolsVersion="4.0" xmlns="http://schemas.microsoft.com/developer/msbuild/2003">
  <ItemGroup>
    <ClCompile Include="src\ofApp.cpp">
      <Filter>src</Filter>
    </ClCompile>
    <ClCompile Include="src\main.cpp">
      <Filter>src</Filter>
    </ClCompile>
    <ClCompile Include="src\main.cpp">
      <Filter>src</Filter>
    </ClCompile>
    <ClCompile Include="src\ofApp.cpp">
      <Filter>src</Filter>
    </ClCompile>
    <ClCompile Include="..\..\..\..\..\addons\ofxGui\src\ofxBaseGui.cpp">
      <Filter>addons\ofxGui\src</Filter>
    </ClCompile>
    <ClCompile Include="..\..\..\..\..\addons\ofxGui\src\ofxButton.cpp">
      <Filter>addons\ofxGui\src</Filter>
    </ClCompile>
    <ClCompile Include="..\..\..\..\..\addons\ofxGui\src\ofxColorPicker.cpp">
      <Filter>addons\ofxGui\src</Filter>
    </ClCompile>
    <ClCompile Include="..\..\..\..\..\addons\ofxGui\src\ofxGuiGroup.cpp">
      <Filter>addons\ofxGui\src</Filter>
    </ClCompile>
    <ClCompile Include="..\..\..\..\..\addons\ofxGui\src\ofxInputField.cpp">
      <Filter>addons\ofxGui\src</Filter>
    </ClCompile>
    <ClCompile Include="..\..\..\..\..\addons\ofxGui\src\ofxLabel.cpp">
      <Filter>addons\ofxGui\src</Filter>
    </ClCompile>
    <ClCompile Include="..\..\..\..\..\addons\ofxGui\src\ofxPanel.cpp">
      <Filter>addons\ofxGui\src</Filter>
    </ClCompile>
    <ClCompile Include="..\..\..\..\..\addons\ofxGui\src\ofxSlider.cpp">
      <Filter>addons\ofxGui\src</Filter>
    </ClCompile>
    <ClCompile Include="..\..\..\..\..\addons\ofxGui\src\ofxSliderGroup.cpp">
      <Filter>addons\ofxGui\src</Filter>
    </ClCompile>
    <ClCompile Include="..\..\..\..\..\addons\ofxGui\src\ofxToggle.cpp">
      <Filter>addons\ofxGui\src</Filter>
    </ClCompile>
    <ClCompile Include="DataStructs\Kinematic.cpp">
      <Filter>src\DataStructs</Filter>
    </ClCompile>
    <ClCompile Include="Helpers\ofAppHelpers.cpp">
      <Filter>src\Helpers</Filter>
    </ClCompile>
    <ClCompile Include="Steering\Seek.cpp">
      <Filter>src\Steering</Filter>
    </ClCompile>
    <ClCompile Include="Steering\Orientation.cpp">
      <Filter>src\Steering</Filter>
    </ClCompile>
    <ClCompile Include="Steering\Wander.cpp">
      <Filter>src\Steering</Filter>
    </ClCompile>
    <ClCompile Include="Helpers\SetupHelpers.cpp">
      <Filter>src\Helpers</Filter>
    </ClCompile>
    <ClCompile Include="Steering\Flee.cpp">
      <Filter>src\Steering</Filter>
    </ClCompile>
    <ClCompile Include="Steering\Pursue.cpp">
      <Filter>src\Steering</Filter>
    </ClCompile>
    <ClCompile Include="Steering\Matching.cpp">
      <Filter>src\Steering</Filter>
    </ClCompile>
    <ClCompile Include="DataStructs\Crumb.cpp">
      <Filter>src\DataStructs</Filter>
    </ClCompile>
  </ItemGroup>
  <ItemGroup>
    <Filter Include="src">
      <UniqueIdentifier>{d8376475-7454-4a24-b08a-aac121d3ad6f}</UniqueIdentifier>
    </Filter>
    <Filter Include="addons">
      <UniqueIdentifier>{71834F65-F3A9-211E-73B8-DC85}</UniqueIdentifier>
    </Filter>
    <Filter Include="addons\ofxGui">
      <UniqueIdentifier>{4F2A59AF-5F4E-704B-D067-EC13}</UniqueIdentifier>
    </Filter>
    <Filter Include="addons\ofxGui\src">
      <UniqueIdentifier>{645E9533-4DCD-6179-1CDF-CB65}</UniqueIdentifier>
    </Filter>
    <Filter Include="src\DataStructs">
      <UniqueIdentifier>{769cc7f5-0894-440d-bca4-6aa75f516c82}</UniqueIdentifier>
    </Filter>
    <Filter Include="src\Helpers">
      <UniqueIdentifier>{b177c0c8-6b70-46e4-9542-50ac0eb8229b}</UniqueIdentifier>
    </Filter>
    <Filter Include="src\Steering">
      <UniqueIdentifier>{7138519f-b816-4aa4-b9b3-e54efc340e8a}</UniqueIdentifier>
    </Filter>
  </ItemGroup>
  <ItemGroup>
    <ClInclude Include="src\ofApp.h">
      <Filter>src</Filter>
    </ClInclude>
    <ClInclude Include="src\ofApp.h">
      <Filter>src</Filter>
    </ClInclude>
    <ClInclude Include="..\..\..\..\..\addons\ofxGui\src\ofxBaseGui.h">
      <Filter>addons\ofxGui\src</Filter>
    </ClInclude>
    <ClInclude Include="..\..\..\..\..\addons\ofxGui\src\ofxButton.h">
      <Filter>addons\ofxGui\src</Filter>
    </ClInclude>
    <ClInclude Include="..\..\..\..\..\addons\ofxGui\src\ofxColorPicker.h">
      <Filter>addons\ofxGui\src</Filter>
    </ClInclude>
    <ClInclude Include="..\..\..\..\..\addons\ofxGui\src\ofxGui.h">
      <Filter>addons\ofxGui\src</Filter>
    </ClInclude>
    <ClInclude Include="..\..\..\..\..\addons\ofxGui\src\ofxGuiGroup.h">
      <Filter>addons\ofxGui\src</Filter>
    </ClInclude>
    <ClInclude Include="..\..\..\..\..\addons\ofxGui\src\ofxInputField.h">
      <Filter>addons\ofxGui\src</Filter>
    </ClInclude>
    <ClInclude Include="..\..\..\..\..\addons\ofxGui\src\ofxLabel.h">
      <Filter>addons\ofxGui\src</Filter>
    </ClInclude>
    <ClInclude Include="..\..\..\..\..\addons\ofxGui\src\ofxPanel.h">
      <Filter>addons\ofxGui\src</Filter>
    </ClInclude>
    <ClInclude Include="..\..\..\..\..\addons\ofxGui\src\ofxSlider.h">
      <Filter>addons\ofxGui\src</Filter>
    </ClInclude>
    <ClInclude Include="..\..\..\..\..\addons\ofxGui\src\ofxSliderGroup.h">
      <Filter>addons\ofxGui\src</Filter>
    </ClInclude>
    <ClInclude Include="..\..\..\..\..\addons\ofxGui\src\ofxToggle.h">
      <Filter>addons\ofxGui\src</Filter>
    </ClInclude>
    <ClInclude Include="DataStructs\Kinematic.h">
      <Filter>src\DataStructs</Filter>
    </ClInclude>
    <ClInclude Include="Helpers\ofAppHelpers.h">
      <Filter>src\Helpers</Filter>
    </ClInclude>
    <ClInclude Include="Steering\Seek.h">
      <Filter>src\Steering</Filter>
    </ClInclude>
    <ClInclude Include="Steering\Orientation.h">
      <Filter>src\Steering</Filter>
    </ClInclude>
    <ClInclude Include="Steering\Wander.h">
      <Filter>src\Steering</Filter>
    </ClInclude>
    <ClInclude Include="Helpers\SetupHelpers.h">
      <Filter>src\Helpers</Filter>
    </ClInclude>
    <ClInclude Include="Steering\Flee.h">
      <Filter>src\Steering</Filter>
    </ClInclude>
    <ClInclude Include="Steering\Pursue.h">
      <Filter>src\Steering</Filter>
    </ClInclude>
    <ClInclude Include="Steering\Matching.h">
      <Filter>src\Steering</Filter>
    </ClInclude>
    <ClInclude Include="DataStructs\Crumb.h">
      <Filter>src\DataStructs</Filter>
    </ClInclude>
    <ClInclude Include="Steering\DynamicSteering.h">
      <Filter>src\DataStructs</Filter>
    </ClInclude>
    <ClInclude Include="Steering\KinematicSteering.h">
      <Filter>src\DataStructs</Filter>
    </ClInclude>
  </ItemGroup>
  <ItemGroup>
    <ResourceCompile Include="icon.rc" />
  </ItemGroup>
</Project>