<?xml version="1.0" encoding="utf-8"?>
<Project ToolsVersion="4.0" xmlns="http://schemas.microsoft.com/developer/msbuild/2003">
  <ItemGroup>
    <ClCompile Include="src\main.cpp">
      <Filter>src</Filter>
    </ClCompile>
    <ClCompile Include="src\main.cpp">
      <Filter>src</Filter>
    </ClCompile>
    <ClCompile Include="..\..\..\..\..\addons\ofxGui\src\ofxBaseGui.cpp">
      <Filter>addons\ofxGui\src</Filter>
    </ClCompile>
    <ClCompile Include="..\..\..\..\..\addons\ofxGui\src\ofxButton.cpp">
      <Filter>addons\ofxGui\src</Filter>
    </ClCompile>
    <ClCompile Include="..\..\..\..\..\addons\ofxGui\src\ofxColorPicker.cpp">
      <Filter>addons\ofxGui\src</Filter>
    </ClCompile>
    <ClCompile Include="..\..\..\..\..\addons\ofxGui\src\ofxGuiGroup.cpp">
      <Filter>addons\ofxGui\src</Filter>
    </ClCompile>
    <ClCompile Include="..\..\..\..\..\addons\ofxGui\src\ofxInputField.cpp">
      <Filter>addons\ofxGui\src</Filter>
    </ClCompile>
    <ClCompile Include="..\..\..\..\..\addons\ofxGui\src\ofxLabel.cpp">
      <Filter>addons\ofxGui\src</Filter>
    </ClCompile>
    <ClCompile Include="..\..\..\..\..\addons\ofxGui\src\ofxPanel.cpp">
      <Filter>addons\ofxGui\src</Filter>
    </ClCompile>
    <ClCompile Include="..\..\..\..\..\addons\ofxGui\src\ofxSlider.cpp">
      <Filter>addons\ofxGui\src</Filter>
    </ClCompile>
    <ClCompile Include="..\..\..\..\..\addons\ofxGui\src\ofxSliderGroup.cpp">
      <Filter>addons\ofxGui\src</Filter>
    </ClCompile>
    <ClCompile Include="..\..\..\..\..\addons\ofxGui\src\ofxToggle.cpp">
      <Filter>addons\ofxGui\src</Filter>
    </ClCompile>
    <ClCompile Include="Helpers\ofAppHelpers.cpp">
      <Filter>src\Helpers</Filter>
    </ClCompile>
    <ClCompile Include="Steering\Seek.cpp">
      <Filter>src\Steering</Filter>
    </ClCompile>
    <ClCompile Include="Steering\Orientation.cpp">
      <Filter>src\Steering</Filter>
    </ClCompile>
    <ClCompile Include="Steering\Wander.cpp">
      <Filter>src\Steering</Filter>
    </ClCompile>
    <ClCompile Include="Helpers\SetupHelpers.cpp">
      <Filter>src\Helpers</Filter>
    </ClCompile>
    <ClCompile Include="Steering\Flee.cpp">
      <Filter>src\Steering</Filter>
    </ClCompile>
    <ClCompile Include="Steering\Pursue.cpp">
      <Filter>src\Steering</Filter>
    </ClCompile>
    <ClCompile Include="Steering\Matching.cpp">
      <Filter>src\Steering</Filter>
    </ClCompile>
    <ClCompile Include="AssignmentApps\ofApp.cpp">
      <Filter>src\AssignmentApps\Assignment1</Filter>
    </ClCompile>
    <ClCompile Include="AssignmentApps\Assignment2ofApp.cpp">
      <Filter>src\AssignmentApps\Assignment2</Filter>
    </ClCompile>
    <ClCompile Include="DataStructs\Graph\GraphStructs.cpp">
      <Filter>src\DataStructs\Graph</Filter>
    </ClCompile>
    <ClCompile Include="Helpers\Assignment2Helpers.cpp">
      <Filter>src\AssignmentApps\Assignment2</Filter>
    </ClCompile>
    <ClCompile Include="Pathfinding\Pathfinding.cpp">
      <Filter>src\Pathfinding</Filter>
    </ClCompile>
    <ClCompile Include="DataStructs\Crumb.cpp">
      <Filter>src\DataStructs\Boids</Filter>
    </ClCompile>
    <ClCompile Include="DataStructs\Kinematic.cpp">
      <Filter>src\DataStructs\Boids</Filter>
    </ClCompile>
    <ClCompile Include="DataStructs\PriorityQueue.cpp">
      <Filter>src\DataStructs</Filter>
    </ClCompile>
  </ItemGroup>
  <ItemGroup>
    <Filter Include="src">
      <UniqueIdentifier>{d8376475-7454-4a24-b08a-aac121d3ad6f}</UniqueIdentifier>
    </Filter>
    <Filter Include="addons">
      <UniqueIdentifier>{71834F65-F3A9-211E-73B8-DC85}</UniqueIdentifier>
    </Filter>
    <Filter Include="addons\ofxGui">
      <UniqueIdentifier>{4F2A59AF-5F4E-704B-D067-EC13}</UniqueIdentifier>
    </Filter>
    <Filter Include="addons\ofxGui\src">
      <UniqueIdentifier>{645E9533-4DCD-6179-1CDF-CB65}</UniqueIdentifier>
    </Filter>
    <Filter Include="src\DataStructs">
      <UniqueIdentifier>{769cc7f5-0894-440d-bca4-6aa75f516c82}</UniqueIdentifier>
    </Filter>
    <Filter Include="src\Helpers">
      <UniqueIdentifier>{b177c0c8-6b70-46e4-9542-50ac0eb8229b}</UniqueIdentifier>
    </Filter>
    <Filter Include="src\Steering">
      <UniqueIdentifier>{7138519f-b816-4aa4-b9b3-e54efc340e8a}</UniqueIdentifier>
    </Filter>
    <Filter Include="src\AssignmentApps">
      <UniqueIdentifier>{cf9d540d-93f0-46d8-8b4e-5ec8a3a1cced}</UniqueIdentifier>
    </Filter>
    <Filter Include="src\AssignmentApps\Assignment1">
      <UniqueIdentifier>{091b68f8-44cb-4d63-8acf-7ff76e0791c7}</UniqueIdentifier>
    </Filter>
    <Filter Include="src\AssignmentApps\Assignment2">
      <UniqueIdentifier>{92a91fec-060f-4020-a255-39b4caa9efdb}</UniqueIdentifier>
    </Filter>
    <Filter Include="src\DataStructs\Graph">
      <UniqueIdentifier>{f142ce5f-b77d-40fd-867e-ad8de881cbcf}</UniqueIdentifier>
    </Filter>
    <Filter Include="src\Pathfinding">
      <UniqueIdentifier>{aa007bcf-326e-418d-9b7e-481dd366fc30}</UniqueIdentifier>
    </Filter>
    <Filter Include="src\DataStructs\Boids">
      <UniqueIdentifier>{b5a56a9d-e1cd-4f5f-be26-e89330592e29}</UniqueIdentifier>
    </Filter>
  </ItemGroup>
  <ItemGroup>
    <ClInclude Include="..\..\..\..\..\addons\ofxGui\src\ofxBaseGui.h">
      <Filter>addons\ofxGui\src</Filter>
    </ClInclude>
    <ClInclude Include="..\..\..\..\..\addons\ofxGui\src\ofxButton.h">
      <Filter>addons\ofxGui\src</Filter>
    </ClInclude>
    <ClInclude Include="..\..\..\..\..\addons\ofxGui\src\ofxColorPicker.h">
      <Filter>addons\ofxGui\src</Filter>
    </ClInclude>
    <ClInclude Include="..\..\..\..\..\addons\ofxGui\src\ofxGui.h">
      <Filter>addons\ofxGui\src</Filter>
    </ClInclude>
    <ClInclude Include="..\..\..\..\..\addons\ofxGui\src\ofxGuiGroup.h">
      <Filter>addons\ofxGui\src</Filter>
    </ClInclude>
    <ClInclude Include="..\..\..\..\..\addons\ofxGui\src\ofxInputField.h">
      <Filter>addons\ofxGui\src</Filter>
    </ClInclude>
    <ClInclude Include="..\..\..\..\..\addons\ofxGui\src\ofxLabel.h">
      <Filter>addons\ofxGui\src</Filter>
    </ClInclude>
    <ClInclude Include="..\..\..\..\..\addons\ofxGui\src\ofxPanel.h">
      <Filter>addons\ofxGui\src</Filter>
    </ClInclude>
    <ClInclude Include="..\..\..\..\..\addons\ofxGui\src\ofxSlider.h">
      <Filter>addons\ofxGui\src</Filter>
    </ClInclude>
    <ClInclude Include="..\..\..\..\..\addons\ofxGui\src\ofxSliderGroup.h">
      <Filter>addons\ofxGui\src</Filter>
    </ClInclude>
    <ClInclude Include="..\..\..\..\..\addons\ofxGui\src\ofxToggle.h">
      <Filter>addons\ofxGui\src</Filter>
    </ClInclude>
    <ClInclude Include="Helpers\ofAppHelpers.h">
      <Filter>src\Helpers</Filter>
    </ClInclude>
    <ClInclude Include="Steering\Seek.h">
      <Filter>src\Steering</Filter>
    </ClInclude>
    <ClInclude Include="Steering\Orientation.h">
      <Filter>src\Steering</Filter>
    </ClInclude>
    <ClInclude Include="Steering\Wander.h">
      <Filter>src\Steering</Filter>
    </ClInclude>
    <ClInclude Include="Helpers\SetupHelpers.h">
      <Filter>src\Helpers</Filter>
    </ClInclude>
    <ClInclude Include="Steering\Flee.h">
      <Filter>src\Steering</Filter>
    </ClInclude>
    <ClInclude Include="Steering\Pursue.h">
      <Filter>src\Steering</Filter>
    </ClInclude>
    <ClInclude Include="Steering\Matching.h">
      <Filter>src\Steering</Filter>
    </ClInclude>
    <ClInclude Include="AssignmentApps\ofApp.h">
      <Filter>src\AssignmentApps\Assignment1</Filter>
    </ClInclude>
    <ClInclude Include="AssignmentApps\Assignment2ofApp.h">
      <Filter>src\AssignmentApps\Assignment2</Filter>
    </ClInclude>
    <ClInclude Include="Steering\KinematicSteering.h">
      <Filter>src\Steering</Filter>
    </ClInclude>
    <ClInclude Include="Steering\DynamicSteering.h">
      <Filter>src\Steering</Filter>
    </ClInclude>
    <ClInclude Include="DataStructs\Graph\GraphStructs.h">
      <Filter>src\DataStructs\Graph</Filter>
    </ClInclude>
    <ClInclude Include="Helpers\Assignment2Helpers.h">
      <Filter>src\AssignmentApps\Assignment2</Filter>
    </ClInclude>
    <ClInclude Include="Pathfinding\Pathfinding.h">
      <Filter>src\Pathfinding</Filter>
    </ClInclude>
    <ClInclude Include="DataStructs\Kinematic.h">
      <Filter>src\DataStructs\Boids</Filter>
    </ClInclude>
    <ClInclude Include="DataStructs\Crumb.h">
      <Filter>src\DataStructs\Boids</Filter>
    </ClInclude>
    <ClInclude Include="DataStructs\PriorityQueue.h">
      <Filter>src\DataStructs</Filter>
    </ClInclude>
  </ItemGroup>
  <ItemGroup>
    <ResourceCompile Include="icon.rc" />
  </ItemGroup>
</Project>